
Microsoft Visual Studio Solution File, Format Version 12.00
# Visual Studio Version 17
VisualStudioVersion = 17.0.31903.59
MinimumVisualStudioVersion = 10.0.40219.1
Project("{FAE04EC0-301F-11D3-BF4B-00C04F79EFBC}") = "API", "API\API.csproj", "{67C1E2D0-C3CA-478D-B4B6-3305A52A7C6D}"
EndProject
Project("{FAE04EC0-301F-11D3-BF4B-00C04F79EFBC}") = "Core", "Core\Core.csproj", "{74C377D0-2161-42F5-8F0D-C6936DCF73FC}"
EndProject
Project("{FAE04EC0-301F-11D3-BF4B-00C04F79EFBC}") = "Infrastructure", "Infrastructure\Infrastructure.csproj", "{81B17E2D-70EF-4FA7-AD24-009D8480BB40}"
EndProject
Global
	GlobalSection(SolutionConfigurationPlatforms) = preSolution
		Debug|Any CPU = Debug|Any CPU
		Release|Any CPU = Release|Any CPU
	EndGlobalSection
	GlobalSection(SolutionProperties) = preSolution
		HideSolutionNode = FALSE
	EndGlobalSection
	GlobalSection(ProjectConfigurationPlatforms) = postSolution
		{67C1E2D0-C3CA-478D-B4B6-3305A52A7C6D}.Debug|Any CPU.ActiveCfg = Debug|Any CPU
		{67C1E2D0-C3CA-478D-B4B6-3305A52A7C6D}.Debug|Any CPU.Build.0 = Debug|Any CPU
		{67C1E2D0-C3CA-478D-B4B6-3305A52A7C6D}.Release|Any CPU.ActiveCfg = Release|Any CPU
		{67C1E2D0-C3CA-478D-B4B6-3305A52A7C6D}.Release|Any CPU.Build.0 = Release|Any CPU
		{74C377D0-2161-42F5-8F0D-C6936DCF73FC}.Debug|Any CPU.ActiveCfg = Debug|Any CPU
		{74C377D0-2161-42F5-8F0D-C6936DCF73FC}.Debug|Any CPU.Build.0 = Debug|Any CPU
		{74C377D0-2161-42F5-8F0D-C6936DCF73FC}.Release|Any CPU.ActiveCfg = Release|Any CPU
		{74C377D0-2161-42F5-8F0D-C6936DCF73FC}.Release|Any CPU.Build.0 = Release|Any CPU
		{81B17E2D-70EF-4FA7-AD24-009D8480BB40}.Debug|Any CPU.ActiveCfg = Debug|Any CPU
		{81B17E2D-70EF-4FA7-AD24-009D8480BB40}.Debug|Any CPU.Build.0 = Debug|Any CPU
		{81B17E2D-70EF-4FA7-AD24-009D8480BB40}.Release|Any CPU.ActiveCfg = Release|Any CPU
		{81B17E2D-70EF-4FA7-AD24-009D8480BB40}.Release|Any CPU.Build.0 = Release|Any CPU
	EndGlobalSection
EndGlobal
